
Microsoft Visual Studio Solution File, Format Version 12.00
# Visual Studio Version 16
VisualStudioVersion = 16.0.30413.136
MinimumVisualStudioVersion = 10.0.40219.1
Project("{FAE04EC0-301F-11D3-BF4B-00C04F79EFBC}") = "Blazor-CoreUI", "Blazor-CoreUI\Blazor-CoreUI.csproj", "{8157BC08-C325-419F-B453-9FBCD83D3ED9}"
EndProject
Global
	GlobalSection(SolutionConfigurationPlatforms) = preSolution
		Debug|Any CPU = Debug|Any CPU
		Release|Any CPU = Release|Any CPU
	EndGlobalSection
	GlobalSection(ProjectConfigurationPlatforms) = postSolution
		{8157BC08-C325-419F-B453-9FBCD83D3ED9}.Debug|Any CPU.ActiveCfg = Debug|Any CPU
		{8157BC08-C325-419F-B453-9FBCD83D3ED9}.Debug|Any CPU.Build.0 = Debug|Any CPU
		{8157BC08-C325-419F-B453-9FBCD83D3ED9}.Release|Any CPU.ActiveCfg = Release|Any CPU
		{8157BC08-C325-419F-B453-9FBCD83D3ED9}.Release|Any CPU.Build.0 = Release|Any CPU
	EndGlobalSection
	GlobalSection(SolutionProperties) = preSolution
		HideSolutionNode = FALSE
	EndGlobalSection
	GlobalSection(ExtensibilityGlobals) = postSolution
		SolutionGuid = {AB7DDAE8-2023-4296-9E0F-07B428FC18FE}
	EndGlobalSection
EndGlobal
